
Microsoft Visual Studio Solution File, Format Version 12.00
# Visual Studio Version 17
VisualStudioVersion = 17.11.35222.181
MinimumVisualStudioVersion = 10.0.40219.1
Project("{FAE04EC0-301F-11D3-BF4B-00C04F79EFBC}") = "Ejercicio1", "Ejercicio1\Ejercicio1.csproj", "{ED42AFE4-596D-4299-997B-7FD99D8BAFBE}"
EndProject
Global
	GlobalSection(SolutionConfigurationPlatforms) = preSolution
		Debug|Any CPU = Debug|Any CPU
		Release|Any CPU = Release|Any CPU
	EndGlobalSection
	GlobalSection(ProjectConfigurationPlatforms) = postSolution
		{ED42AFE4-596D-4299-997B-7FD99D8BAFBE}.Debug|Any CPU.ActiveCfg = Debug|Any CPU
		{ED42AFE4-596D-4299-997B-7FD99D8BAFBE}.Debug|Any CPU.Build.0 = Debug|Any CPU
		{ED42AFE4-596D-4299-997B-7FD99D8BAFBE}.Release|Any CPU.ActiveCfg = Release|Any CPU
		{ED42AFE4-596D-4299-997B-7FD99D8BAFBE}.Release|Any CPU.Build.0 = Release|Any CPU
	EndGlobalSection
	GlobalSection(SolutionProperties) = preSolution
		HideSolutionNode = FALSE
	EndGlobalSection
	GlobalSection(ExtensibilityGlobals) = postSolution
		SolutionGuid = {C88777F4-CD6B-4DBC-8D11-3D39DE355E94}
	EndGlobalSection
EndGlobal
